
Microsoft Visual Studio Solution File, Format Version 12.00
# Visual Studio Version 17
VisualStudioVersion = 17.12.35728.132
MinimumVisualStudioVersion = 10.0.40219.1
Project("{2150E333-8FDC-42A3-9474-1A3956D46DE8}") = "Creational_Design_Patterns", "Creational_Design_Patterns", "{310F184D-C0F2-4DBB-8036-B3676FC96891}"
EndProject
Project("{2150E333-8FDC-42A3-9474-1A3956D46DE8}") = "Behavioral_Design_Patterns", "Behavioral_Design_Patterns", "{72C46C46-7813-4610-9966-61B2F1AD7B8F}"
EndProject
Project("{2150E333-8FDC-42A3-9474-1A3956D46DE8}") = "Structural_Design_Patterns", "Structural_Design_Patterns", "{8BAD8C87-DDE8-480C-9700-6A0E43AC94E7}"
EndProject
Global
	GlobalSection(SolutionProperties) = preSolution
		HideSolutionNode = FALSE
	EndGlobalSection
EndGlobal
